
Microsoft Visual Studio Solution File, Format Version 12.00
Project("{FAE04EC0-301F-11D3-BF4B-00C04F79EFBC}") = "NvidiaGammaReplica", "NvidiaGammaReplica\NvidiaGammaReplica.csproj", "{7AE0A8DB-C025-4141-A110-07F9B01574E4}"
EndProject
Global
	GlobalSection(SolutionConfigurationPlatforms) = preSolution
		Debug|Any CPU = Debug|Any CPU
		Release|Any CPU = Release|Any CPU
	EndGlobalSection
	GlobalSection(ProjectConfigurationPlatforms) = postSolution
		{7AE0A8DB-C025-4141-A110-07F9B01574E4}.Debug|Any CPU.ActiveCfg = Debug|Any CPU
		{7AE0A8DB-C025-4141-A110-07F9B01574E4}.Debug|Any CPU.Build.0 = Debug|Any CPU
		{7AE0A8DB-C025-4141-A110-07F9B01574E4}.Release|Any CPU.ActiveCfg = Release|Any CPU
		{7AE0A8DB-C025-4141-A110-07F9B01574E4}.Release|Any CPU.Build.0 = Release|Any CPU
	EndGlobalSection
EndGlobal
